
Microsoft Visual Studio Solution File, Format Version 12.00
# Visual Studio 15
VisualStudioVersion = 15.0.27130.2024
MinimumVisualStudioVersion = 10.0.40219.1
Project("{FAE04EC0-301F-11D3-BF4B-00C04F79EFBC}") = "WebDriverDemo2", "WebDriverDemo2\WebDriverDemo2.csproj", "{3F4F8513-170B-4BB5-91DE-C5E7A480AAF9}"
EndProject
Global
	GlobalSection(SolutionConfigurationPlatforms) = preSolution
		Debug|Any CPU = Debug|Any CPU
		Release|Any CPU = Release|Any CPU
	EndGlobalSection
	GlobalSection(ProjectConfigurationPlatforms) = postSolution
		{3F4F8513-170B-4BB5-91DE-C5E7A480AAF9}.Debug|Any CPU.ActiveCfg = Debug|Any CPU
		{3F4F8513-170B-4BB5-91DE-C5E7A480AAF9}.Debug|Any CPU.Build.0 = Debug|Any CPU
		{3F4F8513-170B-4BB5-91DE-C5E7A480AAF9}.Release|Any CPU.ActiveCfg = Release|Any CPU
		{3F4F8513-170B-4BB5-91DE-C5E7A480AAF9}.Release|Any CPU.Build.0 = Release|Any CPU
	EndGlobalSection
	GlobalSection(SolutionProperties) = preSolution
		HideSolutionNode = FALSE
	EndGlobalSection
	GlobalSection(ExtensibilityGlobals) = postSolution
		SolutionGuid = {23EC673E-E56F-43B6-B8DD-8AADF5C82C0A}
	EndGlobalSection
EndGlobal
