
Microsoft Visual Studio Solution File, Format Version 12.00
# Visual Studio 15
VisualStudioVersion = 15.0.27130.2024
MinimumVisualStudioVersion = 10.0.40219.1
Project("{FAE04EC0-301F-11D3-BF4B-00C04F79EFBC}") = "SeleniumDemo", "SeleniumDemo\SeleniumDemo.csproj", "{FCC6D6D4-8AC7-4C4E-B160-49D3EC51509F}"
EndProject
Global
	GlobalSection(SolutionConfigurationPlatforms) = preSolution
		Debug|Any CPU = Debug|Any CPU
		Release|Any CPU = Release|Any CPU
	EndGlobalSection
	GlobalSection(ProjectConfigurationPlatforms) = postSolution
		{FCC6D6D4-8AC7-4C4E-B160-49D3EC51509F}.Debug|Any CPU.ActiveCfg = Debug|Any CPU
		{FCC6D6D4-8AC7-4C4E-B160-49D3EC51509F}.Debug|Any CPU.Build.0 = Debug|Any CPU
		{FCC6D6D4-8AC7-4C4E-B160-49D3EC51509F}.Release|Any CPU.ActiveCfg = Release|Any CPU
		{FCC6D6D4-8AC7-4C4E-B160-49D3EC51509F}.Release|Any CPU.Build.0 = Release|Any CPU
	EndGlobalSection
	GlobalSection(SolutionProperties) = preSolution
		HideSolutionNode = FALSE
	EndGlobalSection
	GlobalSection(ExtensibilityGlobals) = postSolution
		SolutionGuid = {CF70B2CB-F60E-4F9E-97CE-D60E676771EE}
	EndGlobalSection
EndGlobal
